lockfileVersion: '6.0'

settings:
  autoInstallPeers: true
  excludeLinksFromLockfile: false

dependencies:
  husky:
    specifier: ^8.0.3
    version: registry.npmmirror.com/husky@8.0.3

packages:

  registry.npmmirror.com/husky@8.0.3:
    resolution: {integrity: sha512-+dQSyqPh4x1hlO1swXBiNb2HzTDN1I2IGLQx1GrBuiqFJfoMrnZWwVmatvSiO+Iz8fBUnf+lekwNo4c2LlXItg==, registry: https://registry.npm.taobao.org/, tarball: https://registry.npmmirror.com/husky/-/husky-8.0.3.tgz}
    name: husky
    version: 8.0.3
    engines: {node: '>=14'}
    hasBin: true
    dev: false
